Microsoft Visual Studio Solution File, Format Version 12.00
# Visual Studio Version 17
VisualStudioVersion = 17.5.2.0
MinimumVisualStudioVersion = 10.0.40219.1
Project("{FAE04EC0-301F-11D3-BF4B-00C04F79EFBC}") = "BarrioInteligenteWeb", "BarrioInteligenteWeb\BarrioInteligenteWeb.csproj", "{32110B63-35E2-F390-41E4-51F8B2D83B2B}"
EndProject
Global
	GlobalSection(SolutionConfigurationPlatforms) = preSolution
		Debug|Any CPU = Debug|Any CPU
		Release|Any CPU = Release|Any CPU
	EndGlobalSection
	GlobalSection(ProjectConfigurationPlatforms) = postSolution
		{32110B63-35E2-F390-41E4-51F8B2D83B2B}.Debug|Any CPU.ActiveCfg = Debug|Any CPU
		{32110B63-35E2-F390-41E4-51F8B2D83B2B}.Debug|Any CPU.Build.0 = Debug|Any CPU
		{32110B63-35E2-F390-41E4-51F8B2D83B2B}.Release|Any CPU.ActiveCfg = Release|Any CPU
		{32110B63-35E2-F390-41E4-51F8B2D83B2B}.Release|Any CPU.Build.0 = Release|Any CPU
	EndGlobalSection
	GlobalSection(SolutionProperties) = preSolution
		HideSolutionNode = FALSE
	EndGlobalSection
	GlobalSection(ExtensibilityGlobals) = postSolution
		SolutionGuid = {6B72CD82-820D-4AD1-9ABD-D699BBDB5284}
	EndGlobalSection
EndGlobal
